name: 'Lock new issues'

on:
  issues:
    types: opened

permissions:
  issues: write

jobs:
  action:
    runs-on: ubuntu-latest
    steps:
      - uses: dessant/repo-lockdown@v3
        with:
          close-issue: false
          exclude-issue-labels: "🏁 status: ready for dev,💬 talk: discussion,testimonial"
          process-only: "issues"
          skip-closed-issue-comment: true
          issue-comment: >
           To reduce notifications, issues are locked until they are ready for dev and to be assigned
